PODS:
  - FSCalendar (2.8.4)
  - Realm (20.0.0):
    - Realm/Headers (= 20.0.0)
  - Realm/Headers (20.0.0)
  - RealmSwift (20.0.0):
    - Realm (= 20.0.0)
  - SnapKit (5.7.1)

DEPENDENCIES:
  - FSCalendar
  - RealmSwift
  - SnapKit

SPEC REPOS:
  trunk:
    - FSCalendar
    - Realm
    - RealmSwift
    - SnapKit

SPEC CHECKSUMS:
  FSCalendar: 2d1d0d9398f12d439f55c1fe0f01525b151b8260
  Realm: a799b5f9145623fb0bfe149fe81422863631dd0f
  RealmSwift: f8c4354ebd5053343e6ab9f4eda244145308a51e
  SnapKit: d612e99e678a2d3b95bf60b0705ed0a35c03484a

PODFILE CHECKSUM: 292e7b7bb92a7a837dc403c4113798cee7a63491

COCOAPODS: 1.16.2
